// !$*UTF8*$!
{
	archiveVersion = 1;
	classes = {
	};
	objectVersion = 52;
	objects = {

/* Begin PBXBuildFile section */
		88006DB025E65820004BCEDF /* Constants.swift in Sources */ = {isa = PBXBuildFile; fileRef = 88006DAF25E65820004BCEDF /* Constants.swift */; };
		88006DB325E670AA004BCEDF /* SignupView.swift in Sources */ = {isa = PBXBuildFile; fileRef = 88006DB225E670AA004BCEDF /* SignupView.swift */; };
		88006DB825E67281004BCEDF /* CustomedProgress.swift in Sources */ = {isa = PBXBuildFile; fileRef = 88006DB725E67281004BCEDF /* CustomedProgress.swift */; };
		88006DBC25E672DD004BCEDF /* BackGroundView.swift in Sources */ = {isa = PBXBuildFile; fileRef = 88006DBB25E672DD004BCEDF /* BackGroundView.swift */; };
		88009D4525A831C400B4F813 /* RequestingTopView.swift in Sources */ = {isa = PBXBuildFile; fileRef = 88009D4425A831C400B4F813 /* RequestingTopView.swift */; };
		88009D4825A831E100B4F813 /* RequestingTopViewModel.swift in Sources */ = {isa = PBXBuildFile; fileRef = 88009D4725A831E100B4F813 /* RequestingTopViewModel.swift */; };
		882103F625E13C91009CFAA3 /* Shop.swift in Sources */ = {isa = PBXBuildFile; fileRef = 882103F525E13C91009CFAA3 /* Shop.swift */; };
		882103FA25E13D3F009CFAA3 /* ReviewingStatus.swift in Sources */ = {isa = PBXBuildFile; fileRef = 882103F925E13D3F009CFAA3 /* ReviewingStatus.swift */; };
		882103FE25E146C2009CFAA3 /* Review.swift in Sources */ = {isa = PBXBuildFile; fileRef = 882103FD25E146C2009CFAA3 /* Review.swift */; };
		8821040125E146ED009CFAA3 /* Profile.swift in Sources */ = {isa = PBXBuildFile; fileRef = 8821040025E146EC009CFAA3 /* Profile.swift */; };
		8821042125E14B9D009CFAA3 /* NotificationReceiver.swift in Sources */ = {isa = PBXBuildFile; fileRef = 8821042025E14B9D009CFAA3 /* NotificationReceiver.swift */; };
		88242E0425B2A33F0051A2C7 /* RegisteringToken.swift in Sources */ = {isa = PBXBuildFile; fileRef = 88242E0325B2A33F0051A2C7 /* RegisteringToken.swift */; };
		882E43852577B6FC00E941D7 /* ShopDetailViewModel.swift in Sources */ = {isa = PBXBuildFile; fileRef = 882E43842577B6FC00E941D7 /* ShopDetailViewModel.swift */; };
		882F84CA25D4A13F008256F4 /* MapFromShop.swift in Sources */ = {isa = PBXBuildFile; fileRef = 882F84C925D4A13F008256F4 /* MapFromShop.swift */; };
		88327BCF25903F4100733326 /* ReviewingView.swift in Sources */ = {isa = PBXBuildFile; fileRef = 88327BCE25903F4100733326 /* ReviewingView.swift */; };
		8835815825BE4E18009AB89B /* SettingsView.swift in Sources */ = {isa = PBXBuildFile; fileRef = 8835815725BE4E18009AB89B /* SettingsView.swift */; };
		883AA0DB256649C7002AC14A /* GoogleMapView.swift in Sources */ = {isa = PBXBuildFile; fileRef = 883AA0DA256649C7002AC14A /* GoogleMapView.swift */; };
		884CEB92256CD8960020C932 /* DatabaseHelper.swift in Sources */ = {isa = PBXBuildFile; fileRef = 884CEB91256CD8960020C932 /* DatabaseHelper.swift */; };
		884CEB95256CDCD40020C932 /* ShopsMapViewModel.swift in Sources */ = {isa = PBXBuildFile; fileRef = 884CEB94256CDCD40020C932 /* ShopsMapViewModel.swift */; };
		884CEB98256F66A70020C932 /* GoogleMap.swift in Sources */ = {isa = PBXBuildFile; fileRef = 884CEB97256F66A70020C932 /* GoogleMap.swift */; };
		884CEB9B256FBE1F0020C932 /* ShopDetailView.swift in Sources */ = {isa = PBXBuildFile; fileRef = 884CEB9A256FBE1F0020C932 /* ShopDetailView.swift */; };
		88603700255DF18100C5ED1C /* Modifiers.swift in Sources */ = {isa = PBXBuildFile; fileRef = 886036FF255DF18100C5ED1C /* Modifiers.swift */; };
		8866042D25917BF400FF2D98 /* ReviewingViewModel.swift in Sources */ = {isa = PBXBuildFile; fileRef = 8866042C25917BF400FF2D98 /* ReviewingViewModel.swift */; };
		886604302592C8A300FF2D98 /* ImagePicker.swift in Sources */ = {isa = PBXBuildFile; fileRef = 8866042F2592C8A300FF2D98 /* ImagePicker.swift */; };
		8866043325995CD900FF2D98 /* CustomNavigationBar.swift in Sources */ = {isa = PBXBuildFile; fileRef = 8866043225995CD900FF2D98 /* CustomNavigationBar.swift */; };
		88660439259BCA3500FF2D98 /* ProfileView.swift in Sources */ = {isa = PBXBuildFile; fileRef = 88660438259BCA3500FF2D98 /* ProfileView.swift */; };
		8866043C259BE17B00FF2D98 /* ProfileViewModel.swift in Sources */ = {isa = PBXBuildFile; fileRef = 8866043B259BE17B00FF2D98 /* ProfileViewModel.swift */; };
		8866048C25A131CE00FF2D98 /* RegisteringShopNameView.swift in Sources */ = {isa = PBXBuildFile; fileRef = 8866048B25A131CD00FF2D98 /* RegisteringShopNameView.swift */; };
		8866048F25A1348D00FF2D98 /* RegisteringShopViewModel.swift in Sources */ = {isa = PBXBuildFile; fileRef = 8866048E25A1348D00FF2D98 /* RegisteringShopViewModel.swift */; };
		8866049225A13B3E00FF2D98 /* RegisteringShopPlaceView.swift in Sources */ = {isa = PBXBuildFile; fileRef = 8866049125A13B3E00FF2D98 /* RegisteringShopPlaceView.swift */; };
		8866049525A156BE00FF2D98 /* ShopsMapView.swift in Sources */ = {isa = PBXBuildFile; fileRef = 8866049425A156BE00FF2D98 /* ShopsMapView.swift */; };
		8866049A25A2F4E700FF2D98 /* RequestStatusView.swift in Sources */ = {isa = PBXBuildFile; fileRef = 8866049925A2F4E700FF2D98 /* RequestStatusView.swift */; };
		8866049D25A2F70500FF2D98 /* RequestStatusViewModel.swift in Sources */ = {isa = PBXBuildFile; fileRef = 8866049C25A2F70500FF2D98 /* RequestStatusViewModel.swift */; };
		886B34FF255026550056AB86 /* AppDelegate.swift in Sources */ = {isa = PBXBuildFile; fileRef = 886B34FE255026550056AB86 /* AppDelegate.swift */; };
		886B3501255026550056AB86 /* SceneDelegate.swift in Sources */ = {isa = PBXBuildFile; fileRef = 886B3500255026550056AB86 /* SceneDelegate.swift */; };
		886B3503255026550056AB86 /* ContentView.swift in Sources */ = {isa = PBXBuildFile; fileRef = 886B3502255026550056AB86 /* ContentView.swift */; };
		886B3505255026560056AB86 /* Assets.xcassets in Resources */ = {isa = PBXBuildFile; fileRef = 886B3504255026560056AB86 /* Assets.xcassets */; };
		886B3508255026560056AB86 /* Preview Assets.xcassets in Resources */ = {isa = PBXBuildFile; fileRef = 886B3507255026560056AB86 /* Preview Assets.xcassets */; };
		886B350B255026560056AB86 /* LaunchScreen.storyboard in Resources */ = {isa = PBXBuildFile; fileRef = 886B3509255026560056AB86 /* LaunchScreen.storyboard */; };
		886B353A2556A11C0056AB86 /* LoginView.swift in Sources */ = {isa = PBXBuildFile; fileRef = 886B35392556A11C0056AB86 /* LoginView.swift */; };
		886B353D2557B70B0056AB86 /* LoginViewModel.swift in Sources */ = {isa = PBXBuildFile; fileRef = 886B353C2557B70B0056AB86 /* LoginViewModel.swift */; };
		886B35402557CAD30056AB86 /* Authentication.swift in Sources */ = {isa = PBXBuildFile; fileRef = 886B353F2557CAD30056AB86 /* Authentication.swift */; };
		887D9FFE257FAD48003E237E /* AllReviewViewModel.swift in Sources */ = {isa = PBXBuildFile; fileRef = 887D9FFD257FAD48003E237E /* AllReviewViewModel.swift */; };
		887DA0012580FC06003E237E /* ReviewDetailView.swift in Sources */ = {isa = PBXBuildFile; fileRef = 887DA0002580FC06003E237E /* ReviewDetailView.swift */; };
		887DA00625817426003E237E /* ReviewDetailViewModel.swift in Sources */ = {isa = PBXBuildFile; fileRef = 887DA00525817426003E237E /* ReviewDetailViewModel.swift */; };
		887DA00A2582A60D003E237E /* QGrid in Frameworks */ = {isa = PBXBuildFile; productRef = 887DA0092582A60D003E237E /* QGrid */; };
		888FCC5B25ABE5D500622DD9 /* GoogleService-Info.plist in Resources */ = {isa = PBXBuildFile; fileRef = 888FCC5A25ABE5D500622DD9 /* GoogleService-Info.plist */; };
		888FCCF425AED40D00622DD9 /* AdminPageView.swift in Sources */ = {isa = PBXBuildFile; fileRef = 888FCCF325AED40D00622DD9 /* AdminPageView.swift */; };
		888FCCF725AEDB5000622DD9 /* AdminPageViewModel.swift in Sources */ = {isa = PBXBuildFile; fileRef = 888FCCF625AEDB5000622DD9 /* AdminPageViewModel.swift */; };
		888FCCFA25AF05BC00622DD9 /* ReviewingRequestView.swift in Sources */ = {isa = PBXBuildFile; fileRef = 888FCCF925AF05BC00622DD9 /* ReviewingRequestView.swift */; };
		888FCCFD25AF063700622DD9 /* ReviewingRequestViewModel.swift in Sources */ = {isa = PBXBuildFile; fileRef = 888FCCFC25AF063700622DD9 /* ReviewingRequestViewModel.swift */; };
		888FCD2D25B1DA1F00622DD9 /* PushNotificationSender.swift in Sources */ = {isa = PBXBuildFile; fileRef = 888FCD2C25B1DA1F00622DD9 /* PushNotificationSender.swift */; };
		88A42235257A001C003CC75D /* AllReviewView.swift in Sources */ = {isa = PBXBuildFile; fileRef = 88A42234257A001C003CC75D /* AllReviewView.swift */; };
		88AFA7A02559B9C1001D151C /* MapTopView.swift in Sources */ = {isa = PBXBuildFile; fileRef = 88AFA79F2559B9C1001D151C /* MapTopView.swift */; };
		88C8D22A258C44B500E43583 /* AllPictureViewModel.swift in Sources */ = {isa = PBXBuildFile; fileRef = 88C8D229258C44B500E43583 /* AllPictureViewModel.swift */; };
		88C8D22F258ECC2000E43583 /* ReviewHeadlineViewModel.swift in Sources */ = {isa = PBXBuildFile; fileRef = 88C8D22E258ECC2000E43583 /* ReviewHeadlineViewModel.swift */; };
		88FFE9C8258C239800F4E892 /* AllPictureView.swift in Sources */ = {isa = PBXBuildFile; fileRef = 88FFE9C7258C239800F4E892 /* AllPictureView.swift */; };
		9D33E53A05060B66C56760E7 /* Pods_RamenShopApp.framework in Frameworks */ = {isa = PBXBuildFile; fileRef = 257556D638399B742D1568DC /* Pods_RamenShopApp.framework */; };
/* End PBXBuildFile section */

/* Begin PBXFileReference section */
		1088270E322016859E4E4F7E /* Pods-RamenShopApp.release.xcconfig */ = {isa = PBXFileReference; includeInIndex = 1; lastKnownFileType = text.xcconfig; name = "Pods-RamenShopApp.release.xcconfig"; path = "Target Support Files/Pods-RamenShopApp/Pods-RamenShopApp.release.xcconfig"; sourceTree = "<group>"; };
		257556D638399B742D1568DC /* Pods_RamenShopApp.framework */ = {isa = PBXFileReference; explicitFileType = wrapper.framework; includeInIndex = 0; path = Pods_RamenShopApp.framework; sourceTree = BUILT_PRODUCTS_DIR; };
		88006DAF25E65820004BCEDF /* Constants.swift */ = {isa = PBXFileReference; lastKnownFileType = sourcecode.swift; path = Constants.swift; sourceTree = "<group>"; };
		88006DB225E670AA004BCEDF /* SignupView.swift */ = {isa = PBXFileReference; lastKnownFileType = sourcecode.swift; path = SignupView.swift; sourceTree = "<group>"; };
		88006DB725E67281004BCEDF /* CustomedProgress.swift */ = {isa = PBXFileReference; lastKnownFileType = sourcecode.swift; path = CustomedProgress.swift; sourceTree = "<group>"; };
		88006DBB25E672DD004BCEDF /* BackGroundView.swift */ = {isa = PBXFileReference; lastKnownFileType = sourcecode.swift; path = BackGroundView.swift; sourceTree = "<group>"; };
		88009D4425A831C400B4F813 /* RequestingTopView.swift */ = {isa = PBXFileReference; lastKnownFileType = sourcecode.swift; path = RequestingTopView.swift; sourceTree = "<group>"; };
		88009D4725A831E100B4F813 /* RequestingTopViewModel.swift */ = {isa = PBXFileReference; lastKnownFileType = sourcecode.swift; path = RequestingTopViewModel.swift; sourceTree = "<group>"; };
		882103F525E13C91009CFAA3 /* Shop.swift */ = {isa = PBXFileReference; lastKnownFileType = sourcecode.swift; path = Shop.swift; sourceTree = "<group>"; };
		882103F925E13D3F009CFAA3 /* ReviewingStatus.swift */ = {isa = PBXFileReference; lastKnownFileType = sourcecode.swift; path = ReviewingStatus.swift; sourceTree = "<group>"; };
		882103FD25E146C2009CFAA3 /* Review.swift */ = {isa = PBXFileReference; lastKnownFileType = sourcecode.swift; path = Review.swift; sourceTree = "<group>"; };
		8821040025E146EC009CFAA3 /* Profile.swift */ = {isa = PBXFileReference; lastKnownFileType = sourcecode.swift; path = Profile.swift; sourceTree = "<group>"; };
		8821042025E14B9D009CFAA3 /* NotificationReceiver.swift */ = {isa = PBXFileReference; lastKnownFileType = sourcecode.swift; path = NotificationReceiver.swift; sourceTree = "<group>"; };
		88242E0325B2A33F0051A2C7 /* RegisteringToken.swift */ = {isa = PBXFileReference; lastKnownFileType = sourcecode.swift; path = RegisteringToken.swift; sourceTree = "<group>"; };
		882E43842577B6FC00E941D7 /* ShopDetailViewModel.swift */ = {isa = PBXFileReference; lastKnownFileType = sourcecode.swift; path = ShopDetailViewModel.swift; sourceTree = "<group>"; };
		882F84C925D4A13F008256F4 /* MapFromShop.swift */ = {isa = PBXFileReference; lastKnownFileType = sourcecode.swift; path = MapFromShop.swift; sourceTree = "<group>"; };
		88327BCE25903F4100733326 /* ReviewingView.swift */ = {isa = PBXFileReference; lastKnownFileType = sourcecode.swift; path = ReviewingView.swift; sourceTree = "<group>"; };
		8835815725BE4E18009AB89B /* SettingsView.swift */ = {isa = PBXFileReference; lastKnownFileType = sourcecode.swift; path = SettingsView.swift; sourceTree = "<group>"; };
		883AA0DA256649C7002AC14A /* GoogleMapView.swift */ = {isa = PBXFileReference; lastKnownFileType = sourcecode.swift; path = GoogleMapView.swift; sourceTree = "<group>"; };
		884CEB91256CD8960020C932 /* DatabaseHelper.swift */ = {isa = PBXFileReference; lastKnownFileType = sourcecode.swift; path = DatabaseHelper.swift; sourceTree = "<group>"; };
		884CEB94256CDCD40020C932 /* ShopsMapViewModel.swift */ = {isa = PBXFileReference; lastKnownFileType = sourcecode.swift; path = ShopsMapViewModel.swift; sourceTree = "<group>"; };
		884CEB97256F66A70020C932 /* GoogleMap.swift */ = {isa = PBXFileReference; lastKnownFileType = sourcecode.swift; path = GoogleMap.swift; sourceTree = "<group>"; };
		884CEB9A256FBE1F0020C932 /* ShopDetailView.swift */ = {isa = PBXFileReference; lastKnownFileType = sourcecode.swift; path = ShopDetailView.swift; sourceTree = "<group>"; };
		886036FF255DF18100C5ED1C /* Modifiers.swift */ = {isa = PBXFileReference; lastKnownFileType = sourcecode.swift; path = Modifiers.swift; sourceTree = "<group>"; };
		8866042C25917BF400FF2D98 /* ReviewingViewModel.swift */ = {isa = PBXFileReference; lastKnownFileType = sourcecode.swift; path = ReviewingViewModel.swift; sourceTree = "<group>"; };
		8866042F2592C8A300FF2D98 /* ImagePicker.swift */ = {isa = PBXFileReference; lastKnownFileType = sourcecode.swift; path = ImagePicker.swift; sourceTree = "<group>"; };
		8866043225995CD900FF2D98 /* CustomNavigationBar.swift */ = {isa = PBXFileReference; lastKnownFileType = sourcecode.swift; path = CustomNavigationBar.swift; sourceTree = "<group>"; };
		88660438259BCA3500FF2D98 /* ProfileView.swift */ = {isa = PBXFileReference; lastKnownFileType = sourcecode.swift; path = ProfileView.swift; sourceTree = "<group>"; };
		8866043B259BE17B00FF2D98 /* ProfileViewModel.swift */ = {isa = PBXFileReference; lastKnownFileType = sourcecode.swift; path = ProfileViewModel.swift; sourceTree = "<group>"; };
		8866048B25A131CD00FF2D98 /* RegisteringShopNameView.swift */ = {isa = PBXFileReference; lastKnownFileType = sourcecode.swift; path = RegisteringShopNameView.swift; sourceTree = "<group>"; };
		8866048E25A1348D00FF2D98 /* RegisteringShopViewModel.swift */ = {isa = PBXFileReference; lastKnownFileType = sourcecode.swift; path = RegisteringShopViewModel.swift; sourceTree = "<group>"; };
		8866049125A13B3E00FF2D98 /* RegisteringShopPlaceView.swift */ = {isa = PBXFileReference; lastKnownFileType = sourcecode.swift; path = RegisteringShopPlaceView.swift; sourceTree = "<group>"; };
		8866049425A156BE00FF2D98 /* ShopsMapView.swift */ = {isa = PBXFileReference; lastKnownFileType = sourcecode.swift; path = ShopsMapView.swift; sourceTree = "<group>"; };
		8866049925A2F4E700FF2D98 /* RequestStatusView.swift */ = {isa = PBXFileReference; lastKnownFileType = sourcecode.swift; path = RequestStatusView.swift; sourceTree = "<group>"; };
		8866049C25A2F70500FF2D98 /* RequestStatusViewModel.swift */ = {isa = PBXFileReference; lastKnownFileType = sourcecode.swift; path = RequestStatusViewModel.swift; sourceTree = "<group>"; };
		886B34FB255026550056AB86 /* RamenShopApp.app */ = {isa = PBXFileReference; explicitFileType = wrapper.application; includeInIndex = 0; path = RamenShopApp.app; sourceTree = BUILT_PRODUCTS_DIR; };
		886B34FE255026550056AB86 /* AppDelegate.swift */ = {isa = PBXFileReference; lastKnownFileType = sourcecode.swift; path = AppDelegate.swift; sourceTree = "<group>"; };
		886B3500255026550056AB86 /* SceneDelegate.swift */ = {isa = PBXFileReference; lastKnownFileType = sourcecode.swift; path = SceneDelegate.swift; sourceTree = "<group>"; };
		886B3502255026550056AB86 /* ContentView.swift */ = {isa = PBXFileReference; lastKnownFileType = sourcecode.swift; path = ContentView.swift; sourceTree = "<group>"; };
		886B3504255026560056AB86 /* Assets.xcassets */ = {isa = PBXFileReference; lastKnownFileType = folder.assetcatalog; path = Assets.xcassets; sourceTree = "<group>"; };
		886B3507255026560056AB86 /* Preview Assets.xcassets */ = {isa = PBXFileReference; lastKnownFileType = folder.assetcatalog; path = "Preview Assets.xcassets"; sourceTree = "<group>"; };
		886B350A255026560056AB86 /* Base */ = {isa = PBXFileReference; lastKnownFileType = file.storyboard; name = Base; path = Base.lproj/LaunchScreen.storyboard; sourceTree = "<group>"; };
		886B350C255026560056AB86 /* Info.plist */ = {isa = PBXFileReference; lastKnownFileType = text.plist.xml; path = Info.plist; sourceTree = "<group>"; };
		886B35392556A11C0056AB86 /* LoginView.swift */ = {isa = PBXFileReference; lastKnownFileType = sourcecode.swift; path = LoginView.swift; sourceTree = "<group>"; };
		886B353C2557B70B0056AB86 /* LoginViewModel.swift */ = {isa = PBXFileReference; lastKnownFileType = sourcecode.swift; path = LoginViewModel.swift; sourceTree = "<group>"; };
		886B353F2557CAD30056AB86 /* Authentication.swift */ = {isa = PBXFileReference; lastKnownFileType = sourcecode.swift; path = Authentication.swift; sourceTree = "<group>"; };
		887D9FFD257FAD48003E237E /* AllReviewViewModel.swift */ = {isa = PBXFileReference; lastKnownFileType = sourcecode.swift; path = AllReviewViewModel.swift; sourceTree = "<group>"; };
		887DA0002580FC06003E237E /* ReviewDetailView.swift */ = {isa = PBXFileReference; lastKnownFileType = sourcecode.swift; path = ReviewDetailView.swift; sourceTree = "<group>"; };
		887DA00525817426003E237E /* ReviewDetailViewModel.swift */ = {isa = PBXFileReference; lastKnownFileType = sourcecode.swift; path = ReviewDetailViewModel.swift; sourceTree = "<group>"; };
		888FCC5A25ABE5D500622DD9 /* GoogleService-Info.plist */ = {isa = PBXFileReference; fileEncoding = 4; lastKnownFileType = text.plist.xml; path = "GoogleService-Info.plist"; sourceTree = "<group>"; };
		888FCC9725ACCECA00622DD9 /* RamenShopApp.entitlements */ = {isa = PBXFileReference; lastKnownFileType = text.plist.entitlements; path = RamenShopApp.entitlements; sourceTree = "<group>"; };
		888FCCF325AED40D00622DD9 /* AdminPageView.swift */ = {isa = PBXFileReference; lastKnownFileType = sourcecode.swift; path = AdminPageView.swift; sourceTree = "<group>"; };
		888FCCF625AEDB5000622DD9 /* AdminPageViewModel.swift */ = {isa = PBXFileReference; lastKnownFileType = sourcecode.swift; path = AdminPageViewModel.swift; sourceTree = "<group>"; };
		888FCCF925AF05BC00622DD9 /* ReviewingRequestView.swift */ = {isa = PBXFileReference; lastKnownFileType = sourcecode.swift; path = ReviewingRequestView.swift; sourceTree = "<group>"; };
		888FCCFC25AF063700622DD9 /* ReviewingRequestViewModel.swift */ = {isa = PBXFileReference; lastKnownFileType = sourcecode.swift; path = ReviewingRequestViewModel.swift; sourceTree = "<group>"; };
		888FCD2C25B1DA1F00622DD9 /* PushNotificationSender.swift */ = {isa = PBXFileReference; lastKnownFileType = sourcecode.swift; path = PushNotificationSender.swift; sourceTree = "<group>"; };
		88A42234257A001C003CC75D /* AllReviewView.swift */ = {isa = PBXFileReference; lastKnownFileType = sourcecode.swift; path = AllReviewView.swift; sourceTree = "<group>"; };
		88AFA79F2559B9C1001D151C /* MapTopView.swift */ = {isa = PBXFileReference; lastKnownFileType = sourcecode.swift; path = MapTopView.swift; sourceTree = "<group>"; };
		88C8D229258C44B500E43583 /* AllPictureViewModel.swift */ = {isa = PBXFileReference; lastKnownFileType = sourcecode.swift; path = AllPictureViewModel.swift; sourceTree = "<group>"; };
		88C8D22E258ECC2000E43583 /* ReviewHeadlineViewModel.swift */ = {isa = PBXFileReference; lastKnownFileType = sourcecode.swift; path = ReviewHeadlineViewModel.swift; sourceTree = "<group>"; };
		88FFE9C7258C239800F4E892 /* AllPictureView.swift */ = {isa = PBXFileReference; lastKnownFileType = sourcecode.swift; path = AllPictureView.swift; sourceTree = "<group>"; };
		A5D6C3FBE114337FC41E58D1 /* Pods-RamenShopApp.debug.xcconfig */ = {isa = PBXFileReference; includeInIndex = 1; lastKnownFileType = text.xcconfig; name = "Pods-RamenShopApp.debug.xcconfig"; path = "Target Support Files/Pods-RamenShopApp/Pods-RamenShopApp.debug.xcconfig"; sourceTree = "<group>"; };
/* End PBXFileReference section */

/* Begin PBXFrameworksBuildPhase section */
		886B34F8255026550056AB86 /* Frameworks */ = {
			isa = PBXFrameworksBuildPhase;
			buildActionMask = 2147483647;
			files = (
				887DA00A2582A60D003E237E /* QGrid in Frameworks */,
				9D33E53A05060B66C56760E7 /* Pods_RamenShopApp.framework in Frameworks */,
			);
			runOnlyForDeploymentPostprocessing = 0;
		};
/* End PBXFrameworksBuildPhase section */

/* Begin PBXGroup section */
		34262BC62B73D5005EA9F7BD /* Frameworks */ = {
			isa = PBXGroup;
			children = (
				257556D638399B742D1568DC /* Pods_RamenShopApp.framework */,
			);
			name = Frameworks;
			sourceTree = "<group>";
		};
		88006DB525E67210004BCEDF /* Login */ = {
			isa = PBXGroup;
			children = (
				886B35392556A11C0056AB86 /* LoginView.swift */,
				88006DB225E670AA004BCEDF /* SignupView.swift */,
			);
			path = Login;
			sourceTree = "<group>";
		};
		88006DB625E67236004BCEDF /* Common */ = {
			isa = PBXGroup;
			children = (
				88006DAF25E65820004BCEDF /* Constants.swift */,
				8866042F2592C8A300FF2D98 /* ImagePicker.swift */,
				88006DB725E67281004BCEDF /* CustomedProgress.swift */,
				88006DBB25E672DD004BCEDF /* BackGroundView.swift */,
				886036FF255DF18100C5ED1C /* Modifiers.swift */,
			);
			path = Common;
			sourceTree = "<group>";
		};
		88006DBF25E6737A004BCEDF /* GoogleMap */ = {
			isa = PBXGroup;
			children = (
				8866043225995CD900FF2D98 /* CustomNavigationBar.swift */,
				884CEB97256F66A70020C932 /* GoogleMap.swift */,
				883AA0DA256649C7002AC14A /* GoogleMapView.swift */,
			);
			path = GoogleMap;
			sourceTree = "<group>";
		};
		88006DC025E6739C004BCEDF /* ShopSearch */ = {
			isa = PBXGroup;
			children = (
				88AFA79F2559B9C1001D151C /* MapTopView.swift */,
				8866049425A156BE00FF2D98 /* ShopsMapView.swift */,
				88006DDD25E673E4004BCEDF /* Shop */,
			);
			path = ShopSearch;
			sourceTree = "<group>";
		};
		88006DDD25E673E4004BCEDF /* Shop */ = {
			isa = PBXGroup;
			children = (
				882F84C925D4A13F008256F4 /* MapFromShop.swift */,
				884CEB9A256FBE1F0020C932 /* ShopDetailView.swift */,
				88A42234257A001C003CC75D /* AllReviewView.swift */,
				887DA0002580FC06003E237E /* ReviewDetailView.swift */,
				88FFE9C7258C239800F4E892 /* AllPictureView.swift */,
				88327BCE25903F4100733326 /* ReviewingView.swift */,
			);
			path = Shop;
			sourceTree = "<group>";
		};
		88006DDE25E68858004BCEDF /* Request */ = {
			isa = PBXGroup;
			children = (
				88009D4425A831C400B4F813 /* RequestingTopView.swift */,
				8866049925A2F4E700FF2D98 /* RequestStatusView.swift */,
				8866049125A13B3E00FF2D98 /* RegisteringShopPlaceView.swift */,
				8866048B25A131CD00FF2D98 /* RegisteringShopNameView.swift */,
			);
			path = Request;
			sourceTree = "<group>";
		};
		88006DDF25E69072004BCEDF /* Profile */ = {
			isa = PBXGroup;
			children = (
				88660438259BCA3500FF2D98 /* ProfileView.swift */,
			);
			path = Profile;
			sourceTree = "<group>";
		};
		88006DE025E69091004BCEDF /* Admin */ = {
			isa = PBXGroup;
			children = (
				888FCCF925AF05BC00622DD9 /* ReviewingRequestView.swift */,
				888FCCF325AED40D00622DD9 /* AdminPageView.swift */,
			);
			path = Admin;
			sourceTree = "<group>";
		};
		88006DE125E690A5004BCEDF /* Settings */ = {
			isa = PBXGroup;
			children = (
				8835815725BE4E18009AB89B /* SettingsView.swift */,
			);
			path = Settings;
			sourceTree = "<group>";
		};
		88006DE225E69155004BCEDF /* Login */ = {
			isa = PBXGroup;
			children = (
				886B353C2557B70B0056AB86 /* LoginViewModel.swift */,
			);
			path = Login;
			sourceTree = "<group>";
		};
		88006DE325E69164004BCEDF /* ShopSearch */ = {
			isa = PBXGroup;
			children = (
				88006DE725E691E7004BCEDF /* Shop */,
				884CEB94256CDCD40020C932 /* ShopsMapViewModel.swift */,
			);
			path = ShopSearch;
			sourceTree = "<group>";
		};
		88006DE425E69193004BCEDF /* Request */ = {
			isa = PBXGroup;
			children = (
				8866048E25A1348D00FF2D98 /* RegisteringShopViewModel.swift */,
				88009D4725A831E100B4F813 /* RequestingTopViewModel.swift */,
				8866049C25A2F70500FF2D98 /* RequestStatusViewModel.swift */,
			);
			path = Request;
			sourceTree = "<group>";
		};
		88006DE525E691B7004BCEDF /* Admin */ = {
			isa = PBXGroup;
			children = (
				888FCCF625AEDB5000622DD9 /* AdminPageViewModel.swift */,
				888FCCFC25AF063700622DD9 /* ReviewingRequestViewModel.swift */,
			);
			path = Admin;
			sourceTree = "<group>";
		};
		88006DE625E691CB004BCEDF /* Profile */ = {
			isa = PBXGroup;
			children = (
				8866043B259BE17B00FF2D98 /* ProfileViewModel.swift */,
			);
			path = Profile;
			sourceTree = "<group>";
		};
		88006DE725E691E7004BCEDF /* Shop */ = {
			isa = PBXGroup;
			children = (
				887D9FFD257FAD48003E237E /* AllReviewViewModel.swift */,
				887DA00525817426003E237E /* ReviewDetailViewModel.swift */,
				88C8D229258C44B500E43583 /* AllPictureViewModel.swift */,
				882E43842577B6FC00E941D7 /* ShopDetailViewModel.swift */,
				88C8D22E258ECC2000E43583 /* ReviewHeadlineViewModel.swift */,
				8866042C25917BF400FF2D98 /* ReviewingViewModel.swift */,
			);
			path = Shop;
			sourceTree = "<group>";
		};
		8821044025E14CFB009CFAA3 /* Notification */ = {
			isa = PBXGroup;
			children = (
				88242E0325B2A33F0051A2C7 /* RegisteringToken.swift */,
				888FCD2C25B1DA1F00622DD9 /* PushNotificationSender.swift */,
				8821042025E14B9D009CFAA3 /* NotificationReceiver.swift */,
			);
			path = Notification;
			sourceTree = "<group>";
		};
		8821044125E14D46009CFAA3 /* Shop */ = {
			isa = PBXGroup;
			children = (
				882103FD25E146C2009CFAA3 /* Review.swift */,
				882103F525E13C91009CFAA3 /* Shop.swift */,
				882103F925E13D3F009CFAA3 /* ReviewingStatus.swift */,
			);
			path = Shop;
			sourceTree = "<group>";
		};
		8821044225E14D80009CFAA3 /* User */ = {
			isa = PBXGroup;
			children = (
				8821040025E146EC009CFAA3 /* Profile.swift */,
			);
			path = User;
			sourceTree = "<group>";
		};
		8821044325E14D8B009CFAA3 /* BackEnd */ = {
			isa = PBXGroup;
			children = (
				8821044025E14CFB009CFAA3 /* Notification */,
				884CEB91256CD8960020C932 /* DatabaseHelper.swift */,
				886B353F2557CAD30056AB86 /* Authentication.swift */,
			);
			path = BackEnd;
			sourceTree = "<group>";
		};
		886B34F2255026550056AB86 = {
			isa = PBXGroup;
			children = (
				886B34FD255026550056AB86 /* RamenShopApp */,
				886B34FC255026550056AB86 /* Products */,
				E2A6500A9AB1936EE94C2293 /* Pods */,
				34262BC62B73D5005EA9F7BD /* Frameworks */,
			);
			sourceTree = "<group>";
		};
		886B34FC255026550056AB86 /* Products */ = {
			isa = PBXGroup;
			children = (
				886B34FB255026550056AB86 /* RamenShopApp.app */,
			);
			name = Products;
			sourceTree = "<group>";
		};
		886B34FD255026550056AB86 /* RamenShopApp */ = {
			isa = PBXGroup;
			children = (
				888FCC9725ACCECA00622DD9 /* RamenShopApp.entitlements */,
				886B353E2557CA890056AB86 /* Model */,
				886B353B2557B6E30056AB86 /* ViewModel */,
				886B35382556A0C40056AB86 /* View */,
				886B34FE255026550056AB86 /* AppDelegate.swift */,
				886B3500255026550056AB86 /* SceneDelegate.swift */,
				886B3502255026550056AB86 /* ContentView.swift */,
				886B3504255026560056AB86 /* Assets.xcassets */,
				886B3509255026560056AB86 /* LaunchScreen.storyboard */,
				886B350C255026560056AB86 /* Info.plist */,
				888FCC5A25ABE5D500622DD9 /* GoogleService-Info.plist */,
				886B3506255026560056AB86 /* Preview Content */,
			);
			path = RamenShopApp;
			sourceTree = "<group>";
		};
		886B3506255026560056AB86 /* Preview Content */ = {
			isa = PBXGroup;
			children = (
				886B3507255026560056AB86 /* Preview Assets.xcassets */,
			);
			path = "Preview Content";
			sourceTree = "<group>";
		};
		886B35382556A0C40056AB86 /* View */ = {
			isa = PBXGroup;
			children = (
				88006DB525E67210004BCEDF /* Login */,
				88006DC025E6739C004BCEDF /* ShopSearch */,
				88006DE125E690A5004BCEDF /* Settings */,
				88006DE025E69091004BCEDF /* Admin */,
				88006DDF25E69072004BCEDF /* Profile */,
				88006DDE25E68858004BCEDF /* Request */,
				88006DBF25E6737A004BCEDF /* GoogleMap */,
				88006DB625E67236004BCEDF /* Common */,
			);
			path = View;
			sourceTree = "<group>";
		};
		886B353B2557B6E30056AB86 /* ViewModel */ = {
			isa = PBXGroup;
			children = (
				88006DE225E69155004BCEDF /* Login */,
				88006DE425E69193004BCEDF /* Request */,
				88006DE625E691CB004BCEDF /* Profile */,
				88006DE525E691B7004BCEDF /* Admin */,
				88006DE325E69164004BCEDF /* ShopSearch */,
			);
			path = ViewModel;
			sourceTree = "<group>";
		};
		886B353E2557CA890056AB86 /* Model */ = {
			isa = PBXGroup;
			children = (
				8821044325E14D8B009CFAA3 /* BackEnd */,
				8821044225E14D80009CFAA3 /* User */,
				8821044125E14D46009CFAA3 /* Shop */,
			);
			path = Model;
			sourceTree = "<group>";
		};
		E2A6500A9AB1936EE94C2293 /* Pods */ = {
			isa = PBXGroup;
			children = (
				A5D6C3FBE114337FC41E58D1 /* Pods-RamenShopApp.debug.xcconfig */,
				1088270E322016859E4E4F7E /* Pods-RamenShopApp.release.xcconfig */,
			);
			path = Pods;
			sourceTree = "<group>";
		};
/* End PBXGroup section */

/* Begin PBXNativeTarget section */
		886B34FA255026550056AB86 /* RamenShopApp */ = {
			isa = PBXNativeTarget;
			buildConfigurationList = 886B350F255026560056AB86 /* Build configuration list for PBXNativeTarget "RamenShopApp" */;
			buildPhases = (
				9402BEE870DB02E164A69B0B /* [CP] Check Pods Manifest.lock */,
				886B34F7255026550056AB86 /* Sources */,
				886B34F8255026550056AB86 /* Frameworks */,
				886B34F9255026550056AB86 /* Resources */,
				D25AD514C55401404E1695F7 /* [CP] Embed Pods Frameworks */,
				65DF57054B009D57FA30051E /* [CP] Copy Pods Resources */,
			);
			buildRules = (
			);
			dependencies = (
			);
			name = RamenShopApp;
			packageProductDependencies = (
				887DA0092582A60D003E237E /* QGrid */,
			);
			productName = RamenShopApp;
			productReference = 886B34FB255026550056AB86 /* RamenShopApp.app */;
			productType = "com.apple.product-type.application";
		};
/* End PBXNativeTarget section */

/* Begin PBXProject section */
		886B34F3255026550056AB86 /* Project object */ = {
			isa = PBXProject;
			attributes = {
				LastSwiftUpdateCheck = 1160;
				LastUpgradeCheck = 1160;
				ORGANIZATIONNAME = "Koro Saka";
				TargetAttributes = {
					886B34FA255026550056AB86 = {
						CreatedOnToolsVersion = 11.6;
					};
				};
			};
			buildConfigurationList = 886B34F6255026550056AB86 /* Build configuration list for PBXProject "RamenShopApp" */;
			compatibilityVersion = "Xcode 9.3";
			developmentRegion = en;
			hasScannedForEncodings = 0;
			knownRegions = (
				en,
				Base,
			);
			mainGroup = 886B34F2255026550056AB86;
			packageReferences = (
				887DA0082582A60D003E237E /* XCRemoteSwiftPackageReference "QGrid" */,
			);
			productRefGroup = 886B34FC255026550056AB86 /* Products */;
			projectDirPath = "";
			projectRoot = "";
			targets = (
				886B34FA255026550056AB86 /* RamenShopApp */,
			);
		};
/* End PBXProject section */

/* Begin PBXResourcesBuildPhase section */
		886B34F9255026550056AB86 /* Resources */ = {
			isa = PBXResourcesBuildPhase;
			buildActionMask = 2147483647;
			files = (
				886B350B255026560056AB86 /* LaunchScreen.storyboard in Resources */,
				888FCC5B25ABE5D500622DD9 /* GoogleService-Info.plist in Resources */,
				886B3508255026560056AB86 /* Preview Assets.xcassets in Resources */,
				886B3505255026560056AB86 /* Assets.xcassets in Resources */,
			);
			runOnlyForDeploymentPostprocessing = 0;
		};
/* End PBXResourcesBuildPhase section */

/* Begin PBXShellScriptBuildPhase section */
		65DF57054B009D57FA30051E /* [CP] Copy Pods Resources */ = {
			isa = PBXShellScriptBuildPhase;
			buildActionMask = 2147483647;
			files = (
			);
			inputFileListPaths = (
				"${PODS_ROOT}/Target Support Files/Pods-RamenShopApp/Pods-RamenShopApp-resources-${CONFIGURATION}-input-files.xcfilelist",
			);
			name = "[CP] Copy Pods Resources";
			outputFileListPaths = (
				"${PODS_ROOT}/Target Support Files/Pods-RamenShopApp/Pods-RamenShopApp-resources-${CONFIGURATION}-output-files.xcfilelist",
			);
			runOnlyForDeploymentPostprocessing = 0;
			shellPath = /bin/sh;
			shellScript = "\"${PODS_ROOT}/Target Support Files/Pods-RamenShopApp/Pods-RamenShopApp-resources.sh\"\n";
			showEnvVarsInLog = 0;
		};
		9402BEE870DB02E164A69B0B /* [CP] Check Pods Manifest.lock */ = {
			isa = PBXShellScriptBuildPhase;
			buildActionMask = 2147483647;
			files = (
			);
			inputFileListPaths = (
			);
			inputPaths = (
				"${PODS_PODFILE_DIR_PATH}/Podfile.lock",
				"${PODS_ROOT}/Manifest.lock",
			);
			name = "[CP] Check Pods Manifest.lock";
			outputFileListPaths = (
			);
			outputPaths = (
				"$(DERIVED_FILE_DIR)/Pods-RamenShopApp-checkManifestLockResult.txt",
			);
			runOnlyForDeploymentPostprocessing = 0;
			shellPath = /bin/sh;
			shellScript = "diff \"${PODS_PODFILE_DIR_PATH}/Podfile.lock\" \"${PODS_ROOT}/Manifest.lock\" > /dev/null\nif [ $? != 0 ] ; then\n    # print error to STDERR\n    echo \"error: The sandbox is not in sync with the Podfile.lock. Run 'pod install' or update your CocoaPods installation.\" >&2\n    exit 1\nfi\n# This output is used by Xcode 'outputs' to avoid re-running this script phase.\necho \"SUCCESS\" > \"${SCRIPT_OUTPUT_FILE_0}\"\n";
			showEnvVarsInLog = 0;
		};
		D25AD514C55401404E1695F7 /* [CP] Embed Pods Frameworks */ = {
			isa = PBXShellScriptBuildPhase;
			buildActionMask = 2147483647;
			files = (
			);
			inputFileListPaths = (
				"${PODS_ROOT}/Target Support Files/Pods-RamenShopApp/Pods-RamenShopApp-frameworks-${CONFIGURATION}-input-files.xcfilelist",
			);
			name = "[CP] Embed Pods Frameworks";
			outputFileListPaths = (
				"${PODS_ROOT}/Target Support Files/Pods-RamenShopApp/Pods-RamenShopApp-frameworks-${CONFIGURATION}-output-files.xcfilelist",
			);
			runOnlyForDeploymentPostprocessing = 0;
			shellPath = /bin/sh;
			shellScript = "\"${PODS_ROOT}/Target Support Files/Pods-RamenShopApp/Pods-RamenShopApp-frameworks.sh\"\n";
			showEnvVarsInLog = 0;
		};
/* End PBXShellScriptBuildPhase section */

/* Begin PBXSourcesBuildPhase section */
		886B34F7255026550056AB86 /* Sources */ = {
			isa = PBXSourcesBuildPhase;
			buildActionMask = 2147483647;
			files = (
				882103FA25E13D3F009CFAA3 /* ReviewingStatus.swift in Sources */,
				888FCCFD25AF063700622DD9 /* ReviewingRequestViewModel.swift in Sources */,
				883AA0DB256649C7002AC14A /* GoogleMapView.swift in Sources */,
				8866048C25A131CE00FF2D98 /* RegisteringShopNameView.swift in Sources */,
				882103F625E13C91009CFAA3 /* Shop.swift in Sources */,
				8835815825BE4E18009AB89B /* SettingsView.swift in Sources */,
				88006DBC25E672DD004BCEDF /* BackGroundView.swift in Sources */,
				887DA0012580FC06003E237E /* ReviewDetailView.swift in Sources */,
				882103FE25E146C2009CFAA3 /* Review.swift in Sources */,
				8821040125E146ED009CFAA3 /* Profile.swift in Sources */,
				884CEB98256F66A70020C932 /* GoogleMap.swift in Sources */,
				8866048F25A1348D00FF2D98 /* RegisteringShopViewModel.swift in Sources */,
				886B34FF255026550056AB86 /* AppDelegate.swift in Sources */,
				882E43852577B6FC00E941D7 /* ShopDetailViewModel.swift in Sources */,
				8866042D25917BF400FF2D98 /* ReviewingViewModel.swift in Sources */,
				886B3501255026550056AB86 /* SceneDelegate.swift in Sources */,
				88A42235257A001C003CC75D /* AllReviewView.swift in Sources */,
				886B353A2556A11C0056AB86 /* LoginView.swift in Sources */,
				8821042125E14B9D009CFAA3 /* NotificationReceiver.swift in Sources */,
				8866043325995CD900FF2D98 /* CustomNavigationBar.swift in Sources */,
				886B353D2557B70B0056AB86 /* LoginViewModel.swift in Sources */,
				88C8D22A258C44B500E43583 /* AllPictureViewModel.swift in Sources */,
				884CEB9B256FBE1F0020C932 /* ShopDetailView.swift in Sources */,
				8866043C259BE17B00FF2D98 /* ProfileViewModel.swift in Sources */,
				88327BCF25903F4100733326 /* ReviewingView.swift in Sources */,
				88C8D22F258ECC2000E43583 /* ReviewHeadlineViewModel.swift in Sources */,
				88009D4825A831E100B4F813 /* RequestingTopViewModel.swift in Sources */,
				888FCCF425AED40D00622DD9 /* AdminPageView.swift in Sources */,
				8866049525A156BE00FF2D98 /* ShopsMapView.swift in Sources */,
				88603700255DF18100C5ED1C /* Modifiers.swift in Sources */,
				88006DB825E67281004BCEDF /* CustomedProgress.swift in Sources */,
				887D9FFE257FAD48003E237E /* AllReviewViewModel.swift in Sources */,
				88009D4525A831C400B4F813 /* RequestingTopView.swift in Sources */,
				88242E0425B2A33F0051A2C7 /* RegisteringToken.swift in Sources */,
				8866049225A13B3E00FF2D98 /* RegisteringShopPlaceView.swift in Sources */,
				886B3503255026550056AB86 /* ContentView.swift in Sources */,
				88006DB325E670AA004BCEDF /* SignupView.swift in Sources */,
				8866049D25A2F70500FF2D98 /* RequestStatusViewModel.swift in Sources */,
				88AFA7A02559B9C1001D151C /* MapTopView.swift in Sources */,
				888FCCFA25AF05BC00622DD9 /* ReviewingRequestView.swift in Sources */,
				88660439259BCA3500FF2D98 /* ProfileView.swift in Sources */,
				884CEB95256CDCD40020C932 /* ShopsMapViewModel.swift in Sources */,
				888FCCF725AEDB5000622DD9 /* AdminPageViewModel.swift in Sources */,
				888FCD2D25B1DA1F00622DD9 /* PushNotificationSender.swift in Sources */,
				8866049A25A2F4E700FF2D98 /* RequestStatusView.swift in Sources */,
				886B35402557CAD30056AB86 /* Authentication.swift in Sources */,
				884CEB92256CD8960020C932 /* DatabaseHelper.swift in Sources */,
				882F84CA25D4A13F008256F4 /* MapFromShop.swift in Sources */,
				886604302592C8A300FF2D98 /* ImagePicker.swift in Sources */,
				88006DB025E65820004BCEDF /* Constants.swift in Sources */,
				88FFE9C8258C239800F4E892 /* AllPictureView.swift in Sources */,
				887DA00625817426003E237E /* ReviewDetailViewModel.swift in Sources */,
			);
			runOnlyForDeploymentPostprocessing = 0;
		};
/* End PBXSourcesBuildPhase section */

/* Begin PBXVariantGroup section */
		886B3509255026560056AB86 /* LaunchScreen.storyboard */ = {
			isa = PBXVariantGroup;
			children = (
				886B350A255026560056AB86 /* Base */,
			);
			name = LaunchScreen.storyboard;
			sourceTree = "<group>";
		};
/* End PBXVariantGroup section */

/* Begin XCBuildConfiguration section */
		886B350D255026560056AB86 /* Debug */ = {
			isa = XCBuildConfiguration;
			buildSettings = {
				ALWAYS_SEARCH_USER_PATHS = NO;
				CLANG_ANALYZER_NONNULL = YES;
				CLANG_ANALYZER_NUMBER_OBJECT_CONVERSION = YES_AGGRESSIVE;
				CLANG_CXX_LANGUAGE_STANDARD = "gnu++14";
				CLANG_CXX_LIBRARY = "libc++";
				CLANG_ENABLE_MODULES = YES;
				CLANG_ENABLE_OBJC_ARC = YES;
				CLANG_ENABLE_OBJC_WEAK = YES;
				CLANG_WARN_BLOCK_CAPTURE_AUTORELEASING = YES;
				CLANG_WARN_BOOL_CONVERSION = YES;
				CLANG_WARN_COMMA = YES;
				CLANG_WARN_CONSTANT_CONVERSION = YES;
				CLANG_WARN_DEPRECATED_OBJC_IMPLEMENTATIONS = YES;
				CLANG_WARN_DIRECT_OBJC_ISA_USAGE = YES_ERROR;
				CLANG_WARN_DOCUMENTATION_COMMENTS = YES;
				CLANG_WARN_EMPTY_BODY = YES;
				CLANG_WARN_ENUM_CONVERSION = YES;
				CLANG_WARN_INFINITE_RECURSION = YES;
				CLANG_WARN_INT_CONVERSION = YES;
				CLANG_WARN_NON_LITERAL_NULL_CONVERSION = YES;
				CLANG_WARN_OBJC_IMPLICIT_RETAIN_SELF = YES;
				CLANG_WARN_OBJC_LITERAL_CONVERSION = YES;
				CLANG_WARN_OBJC_ROOT_CLASS = YES_ERROR;
				CLANG_WARN_RANGE_LOOP_ANALYSIS = YES;
				CLANG_WARN_STRICT_PROTOTYPES = YES;
				CLANG_WARN_SUSPICIOUS_MOVE = YES;
				CLANG_WARN_UNGUARDED_AVAILABILITY = YES_AGGRESSIVE;
				CLANG_WARN_UNREACHABLE_CODE = YES;
				CLANG_WARN__DUPLICATE_METHOD_MATCH = YES;
				COPY_PHASE_STRIP = NO;
				DEBUG_INFORMATION_FORMAT = dwarf;
				ENABLE_STRICT_OBJC_MSGSEND = YES;
				ENABLE_TESTABILITY = YES;
				GCC_C_LANGUAGE_STANDARD = gnu11;
				GCC_DYNAMIC_NO_PIC = NO;
				GCC_NO_COMMON_BLOCKS = YES;
				GCC_OPTIMIZATION_LEVEL = 0;
				GCC_PREPROCESSOR_DEFINITIONS = (
					"DEBUG=1",
					"$(inherited)",
				);
				GCC_WARN_64_TO_32_BIT_CONVERSION = YES;
				GCC_WARN_ABOUT_RETURN_TYPE = YES_ERROR;
				GCC_WARN_UNDECLARED_SELECTOR = YES;
				GCC_WARN_UNINITIALIZED_AUTOS = YES_AGGRESSIVE;
				GCC_WARN_UNUSED_FUNCTION = YES;
				GCC_WARN_UNUSED_VARIABLE = YES;
				IPHONEOS_DEPLOYMENT_TARGET = 14.0;
				MTL_ENABLE_DEBUG_INFO = INCLUDE_SOURCE;
				MTL_FAST_MATH = YES;
				ONLY_ACTIVE_ARCH = YES;
				SDKROOT = iphoneos;
				SWIFT_ACTIVE_COMPILATION_CONDITIONS = DEBUG;
				SWIFT_OPTIMIZATION_LEVEL = "-Onone";
			};
			name = Debug;
		};
		886B350E255026560056AB86 /* Release */ = {
			isa = XCBuildConfiguration;
			buildSettings = {
				ALWAYS_SEARCH_USER_PATHS = NO;
				CLANG_ANALYZER_NONNULL = YES;
				CLANG_ANALYZER_NUMBER_OBJECT_CONVERSION = YES_AGGRESSIVE;
				CLANG_CXX_LANGUAGE_STANDARD = "gnu++14";
				CLANG_CXX_LIBRARY = "libc++";
				CLANG_ENABLE_MODULES = YES;
				CLANG_ENABLE_OBJC_ARC = YES;
				CLANG_ENABLE_OBJC_WEAK = YES;
				CLANG_WARN_BLOCK_CAPTURE_AUTORELEASING = YES;
				CLANG_WARN_BOOL_CONVERSION = YES;
				CLANG_WARN_COMMA = YES;
				CLANG_WARN_CONSTANT_CONVERSION = YES;
				CLANG_WARN_DEPRECATED_OBJC_IMPLEMENTATIONS = YES;
				CLANG_WARN_DIRECT_OBJC_ISA_USAGE = YES_ERROR;
				CLANG_WARN_DOCUMENTATION_COMMENTS = YES;
				CLANG_WARN_EMPTY_BODY = YES;
				CLANG_WARN_ENUM_CONVERSION = YES;
				CLANG_WARN_INFINITE_RECURSION = YES;
				CLANG_WARN_INT_CONVERSION = YES;
				CLANG_WARN_NON_LITERAL_NULL_CONVERSION = YES;
				CLANG_WARN_OBJC_IMPLICIT_RETAIN_SELF = YES;
				CLANG_WARN_OBJC_LITERAL_CONVERSION = YES;
				CLANG_WARN_OBJC_ROOT_CLASS = YES_ERROR;
				CLANG_WARN_RANGE_LOOP_ANALYSIS = YES;
				CLANG_WARN_STRICT_PROTOTYPES = YES;
				CLANG_WARN_SUSPICIOUS_MOVE = YES;
				CLANG_WARN_UNGUARDED_AVAILABILITY = YES_AGGRESSIVE;
				CLANG_WARN_UNREACHABLE_CODE = YES;
				CLANG_WARN__DUPLICATE_METHOD_MATCH = YES;
				COPY_PHASE_STRIP = NO;
				DEBUG_INFORMATION_FORMAT = "dwarf-with-dsym";
				ENABLE_NS_ASSERTIONS = NO;
				ENABLE_STRICT_OBJC_MSGSEND = YES;
				GCC_C_LANGUAGE_STANDARD = gnu11;
				GCC_NO_COMMON_BLOCKS = YES;
				GCC_WARN_64_TO_32_BIT_CONVERSION = YES;
				GCC_WARN_ABOUT_RETURN_TYPE = YES_ERROR;
				GCC_WARN_UNDECLARED_SELECTOR = YES;
				GCC_WARN_UNINITIALIZED_AUTOS = YES_AGGRESSIVE;
				GCC_WARN_UNUSED_FUNCTION = YES;
				GCC_WARN_UNUSED_VARIABLE = YES;
				IPHONEOS_DEPLOYMENT_TARGET = 14.0;
				MTL_ENABLE_DEBUG_INFO = NO;
				MTL_FAST_MATH = YES;
				SDKROOT = iphoneos;
				SWIFT_COMPILATION_MODE = wholemodule;
				SWIFT_OPTIMIZATION_LEVEL = "-O";
				VALIDATE_PRODUCT = YES;
			};
			name = Release;
		};
		886B3510255026560056AB86 /* Debug */ = {
			isa = XCBuildConfiguration;
			baseConfigurationReference = A5D6C3FBE114337FC41E58D1 /* Pods-RamenShopApp.debug.xcconfig */;
			buildSettings = {
				ASSETCATALOG_COMPILER_APPICON_NAME = AppIcon;
				CODE_SIGN_ENTITLEMENTS = RamenShopApp/RamenShopApp.entitlements;
				CODE_SIGN_IDENTITY = "iPhone Developer";
				CODE_SIGN_STYLE = Manual;
				CURRENT_PROJECT_VERSION = 202102011;
				DEVELOPMENT_ASSET_PATHS = "\"RamenShopApp/Preview Content\"";
				DEVELOPMENT_TEAM = 377486B56V;
				ENABLE_PREVIEWS = YES;
				INFOPLIST_FILE = RamenShopApp/Info.plist;
				LD_RUNPATH_SEARCH_PATHS = (
					"$(inherited)",
					"@executable_path/Frameworks",
				);
				PRODUCT_BUNDLE_IDENTIFIER = ciccc.ca.koro.RamenShopApp;
				PRODUCT_NAME = "$(TARGET_NAME)";
				PROVISIONING_PROFILE_SPECIFIER = "RamenShopApp Provisioning Profiles";
				SWIFT_VERSION = 5.0;
				TARGETED_DEVICE_FAMILY = "1,2";
			};
			name = Debug;
		};
		886B3511255026560056AB86 /* Release */ = {
			isa = XCBuildConfiguration;
			baseConfigurationReference = 1088270E322016859E4E4F7E /* Pods-RamenShopApp.release.xcconfig */;
			buildSettings = {
				ASSETCATALOG_COMPILER_APPICON_NAME = AppIcon;
				CODE_SIGN_ENTITLEMENTS = RamenShopApp/RamenShopApp.entitlements;
				CODE_SIGN_IDENTITY = "iPhone Developer";
				CODE_SIGN_STYLE = Manual;
				CURRENT_PROJECT_VERSION = 202102011;
				DEVELOPMENT_ASSET_PATHS = "\"RamenShopApp/Preview Content\"";
				DEVELOPMENT_TEAM = 377486B56V;
				ENABLE_PREVIEWS = YES;
				INFOPLIST_FILE = RamenShopApp/Info.plist;
				LD_RUNPATH_SEARCH_PATHS = (
					"$(inherited)",
					"@executable_path/Frameworks",
				);
				PRODUCT_BUNDLE_IDENTIFIER = ciccc.ca.koro.RamenShopApp;
				PRODUCT_NAME = "$(TARGET_NAME)";
				PROVISIONING_PROFILE_SPECIFIER = "RamenShopApp Provisioning Profiles";
				SWIFT_VERSION = 5.0;
				TARGETED_DEVICE_FAMILY = "1,2";
			};
			name = Release;
		};
/* End XCBuildConfiguration section */

/* Begin XCConfigurationList section */
		886B34F6255026550056AB86 /* Build configuration list for PBXProject "RamenShopApp" */ = {
			isa = XCConfigurationList;
			buildConfigurations = (
				886B350D255026560056AB86 /* Debug */,
				886B350E255026560056AB86 /* Release */,
			);
			defaultConfigurationIsVisible = 0;
			defaultConfigurationName = Release;
		};
		886B350F255026560056AB86 /* Build configuration list for PBXNativeTarget "RamenShopApp" */ = {
			isa = XCConfigurationList;
			buildConfigurations = (
				886B3510255026560056AB86 /* Debug */,
				886B3511255026560056AB86 /* Release */,
			);
			defaultConfigurationIsVisible = 0;
			defaultConfigurationName = Release;
		};
/* End XCConfigurationList section */

/* Begin XCRemoteSwiftPackageReference section */
		887DA0082582A60D003E237E /* XCRemoteSwiftPackageReference "QGrid" */ = {
			isa = XCRemoteSwiftPackageReference;
			repositoryURL = "https://github.com/Q-Mobile/QGrid.git";
			requirement = {
				kind = upToNextMajorVersion;
				minimumVersion = 0.1.4;
			};
		};
/* End XCRemoteSwiftPackageReference section */

/* Begin XCSwiftPackageProductDependency section */
		887DA0092582A60D003E237E /* QGrid */ = {
			isa = XCSwiftPackageProductDependency;
			package = 887DA0082582A60D003E237E /* XCRemoteSwiftPackageReference "QGrid" */;
			productName = QGrid;
		};
/* End XCSwiftPackageProductDependency section */
	};
	rootObject = 886B34F3255026550056AB86 /* Project object */;
}
